
Microsoft Visual Studio Solution File, Format Version 12.00
# Visual Studio Version 17
VisualStudioVersion = 17.8.34309.116
MinimumVisualStudioVersion = 10.0.40219.1
Project("{9A19103F-16F7-4668-BE54-9A1E7A4F7556}") = "Docker Pipeline Test", "src\api\Docker Pipeline Test.csproj", "{5C615ADA-B5B3-4E74-A3E1-F10B37C521B5}"
EndProject
Project("{FAE04EC0-301F-11D3-BF4B-00C04F79EFBC}") = "xUnitTests", "tests\xunit\xUnitTests\xUnitTests.csproj", "{D2999630-5A12-41A0-897F-BD4A06F5F713}"
EndProject
Global
	GlobalSection(SolutionConfigurationPlatforms) = preSolution
		Debug|Any CPU = Debug|Any CPU
		Release|Any CPU = Release|Any CPU
	EndGlobalSection
	GlobalSection(ProjectConfigurationPlatforms) = postSolution
		{5C615ADA-B5B3-4E74-A3E1-F10B37C521B5}.Debug|Any CPU.ActiveCfg = Debug|Any CPU
		{5C615ADA-B5B3-4E74-A3E1-F10B37C521B5}.Debug|Any CPU.Build.0 = Debug|Any CPU
		{5C615ADA-B5B3-4E74-A3E1-F10B37C521B5}.Release|Any CPU.ActiveCfg = Release|Any CPU
		{5C615ADA-B5B3-4E74-A3E1-F10B37C521B5}.Release|Any CPU.Build.0 = Release|Any CPU
		{D2999630-5A12-41A0-897F-BD4A06F5F713}.Debug|Any CPU.ActiveCfg = Debug|Any CPU
		{D2999630-5A12-41A0-897F-BD4A06F5F713}.Debug|Any CPU.Build.0 = Debug|Any CPU
		{D2999630-5A12-41A0-897F-BD4A06F5F713}.Release|Any CPU.ActiveCfg = Release|Any CPU
		{D2999630-5A12-41A0-897F-BD4A06F5F713}.Release|Any CPU.Build.0 = Release|Any CPU
	EndGlobalSection
	GlobalSection(SolutionProperties) = preSolution
		HideSolutionNode = FALSE
	EndGlobalSection
	GlobalSection(ExtensibilityGlobals) = postSolution
		SolutionGuid = {A73A70F1-5149-497D-B2B5-D75DB827EFCF}
	EndGlobalSection
EndGlobal
