
Microsoft Visual Studio Solution File, Format Version 12.00
# Visual Studio Version 17
VisualStudioVersion = 17.8.34309.116
MinimumVisualStudioVersion = 10.0.40219.1
Project("{9A19103F-16F7-4668-BE54-9A1E7A4F7556}") = "Docker Pipeline Test", "src\api\Docker Pipeline Test.csproj", "{5C615ADA-B5B3-4E74-A3E1-F10B37C521B5}"
EndProject
Project("{E53339B2-1760-4266-BCC7-CA923CBCF16C}") = "docker-compose", "docker-compose.dcproj", "{F83EF3CA-093C-4BAF-8CC6-FEEE4303C8E0}"
EndProject
Global
	GlobalSection(SolutionConfigurationPlatforms) = preSolution
		Debug|Any CPU = Debug|Any CPU
		Release|Any CPU = Release|Any CPU
	EndGlobalSection
	GlobalSection(ProjectConfigurationPlatforms) = postSolution
		{5C615ADA-B5B3-4E74-A3E1-F10B37C521B5}.Debug|Any CPU.ActiveCfg = Debug|Any CPU
		{5C615ADA-B5B3-4E74-A3E1-F10B37C521B5}.Debug|Any CPU.Build.0 = Debug|Any CPU
		{5C615ADA-B5B3-4E74-A3E1-F10B37C521B5}.Release|Any CPU.ActiveCfg = Release|Any CPU
		{5C615ADA-B5B3-4E74-A3E1-F10B37C521B5}.Release|Any CPU.Build.0 = Release|Any CPU
		{F83EF3CA-093C-4BAF-8CC6-FEEE4303C8E0}.Debug|Any CPU.ActiveCfg = Debug|Any CPU
		{F83EF3CA-093C-4BAF-8CC6-FEEE4303C8E0}.Debug|Any CPU.Build.0 = Debug|Any CPU
		{F83EF3CA-093C-4BAF-8CC6-FEEE4303C8E0}.Release|Any CPU.ActiveCfg = Release|Any CPU
		{F83EF3CA-093C-4BAF-8CC6-FEEE4303C8E0}.Release|Any CPU.Build.0 = Release|Any CPU
	EndGlobalSection
	GlobalSection(SolutionProperties) = preSolution
		HideSolutionNode = FALSE
	EndGlobalSection
	GlobalSection(ExtensibilityGlobals) = postSolution
		SolutionGuid = {A73A70F1-5149-497D-B2B5-D75DB827EFCF}
	EndGlobalSection
EndGlobal
